
Microsoft Visual Studio Solution File, Format Version 12.00
# Visual Studio Version 16
VisualStudioVersion = 16.0.31729.503
MinimumVisualStudioVersion = 10.0.40219.1
Project("{FAE04EC0-301F-11D3-BF4B-00C04F79EFBC}") = "Assignment4", "Assignment4\Assignment4.csproj", "{B7BBD283-842E-4988-9F5F-BFA944C4C2D2}"
EndProject
Global
	GlobalSection(SolutionConfigurationPlatforms) = preSolution
		Debug|Any CPU = Debug|Any CPU
		Release|Any CPU = Release|Any CPU
	EndGlobalSection
	GlobalSection(ProjectConfigurationPlatforms) = postSolution
		{B7BBD283-842E-4988-9F5F-BFA944C4C2D2}.Debug|Any CPU.ActiveCfg = Debug|Any CPU
		{B7BBD283-842E-4988-9F5F-BFA944C4C2D2}.Debug|Any CPU.Build.0 = Debug|Any CPU
		{B7BBD283-842E-4988-9F5F-BFA944C4C2D2}.Release|Any CPU.ActiveCfg = Release|Any CPU
		{B7BBD283-842E-4988-9F5F-BFA944C4C2D2}.Release|Any CPU.Build.0 = Release|Any CPU
	EndGlobalSection
	GlobalSection(SolutionProperties) = preSolution
		HideSolutionNode = FALSE
	EndGlobalSection
	GlobalSection(ExtensibilityGlobals) = postSolution
		SolutionGuid = {3F74584F-049F-4AD2-B0FD-E23212CDDD40}
	EndGlobalSection
EndGlobal
