
Microsoft Visual Studio Solution File, Format Version 12.00
# Visual Studio Version 16
VisualStudioVersion = 16.0.31729.503
MinimumVisualStudioVersion = 10.0.40219.1
Project("{FAE04EC0-301F-11D3-BF4B-00C04F79EFBC}") = "Assignment6", "Assignment6\Assignment6.csproj", "{0FE731A3-5B7F-44DA-885D-74D9CD0B6864}"
EndProject
Global
	GlobalSection(SolutionConfigurationPlatforms) = preSolution
		Debug|Any CPU = Debug|Any CPU
		Release|Any CPU = Release|Any CPU
	EndGlobalSection
	GlobalSection(ProjectConfigurationPlatforms) = postSolution
		{0FE731A3-5B7F-44DA-885D-74D9CD0B6864}.Debug|Any CPU.ActiveCfg = Debug|Any CPU
		{0FE731A3-5B7F-44DA-885D-74D9CD0B6864}.Debug|Any CPU.Build.0 = Debug|Any CPU
		{0FE731A3-5B7F-44DA-885D-74D9CD0B6864}.Release|Any CPU.ActiveCfg = Release|Any CPU
		{0FE731A3-5B7F-44DA-885D-74D9CD0B6864}.Release|Any CPU.Build.0 = Release|Any CPU
	EndGlobalSection
	GlobalSection(SolutionProperties) = preSolution
		HideSolutionNode = FALSE
	EndGlobalSection
	GlobalSection(ExtensibilityGlobals) = postSolution
		SolutionGuid = {7DB83B41-1C6C-4062-AF4E-79F9AB02D90D}
	EndGlobalSection
EndGlobal
